PODS:
  - SVProgressHUD (2.2.5)

DEPENDENCIES:
  - SVProgressHUD (from `https://github.com/SVProgressHUD/SVProgressHUD.git`)

EXTERNAL SOURCES:
  SVProgressHUD:
    :git: https://github.com/SVProgressHUD/SVProgressHUD.git

CHECKOUT OPTIONS:
  SVProgressHUD:
    :commit: e2a6aaa12321962cbe9fbecc370475f369c6566c
    :git: https://github.com/SVProgressHUD/SVProgressHUD.git

SPEC CHECKSUMS:
  SVProgressHUD: 1428aafac632c1f86f62aa4243ec12008d7a51d6

PODFILE CHECKSUM: 0e33ec316c3cc306f6a559f952e1039251a4fd44

COCOAPODS: 1.5.3
