// !$*UTF8*$!
{
	archiveVersion = 1;
	classes = {
	};
	objectVersion = 50;
	objects = {

/* Begin PBXBuildFile section */
		4D5AB8542202F93900BB6ACF /* AppDelegate.swift in Sources */ = {isa = PBXBuildFile; fileRef = 4D5AB8532202F93900BB6ACF /* AppDelegate.swift */; };
		4D5AB8562202F93900BB6ACF /* DeliveryViewController.swift in Sources */ = {isa = PBXBuildFile; fileRef = 4D5AB8552202F93900BB6ACF /* DeliveryViewController.swift */; };
		4D5AB8592202F93900BB6ACF /* Main.storyboard in Resources */ = {isa = PBXBuildFile; fileRef = 4D5AB8572202F93900BB6ACF /* Main.storyboard */; };
		4D5AB85B2202F93B00BB6ACF /* Assets.xcassets in Resources */ = {isa = PBXBuildFile; fileRef = 4D5AB85A2202F93B00BB6ACF /* Assets.xcassets */; };
		4D5AB85E2202F93B00BB6ACF /* LaunchScreen.storyboard in Resources */ = {isa = PBXBuildFile; fileRef = 4D5AB85C2202F93B00BB6ACF /* LaunchScreen.storyboard */; };
		4D5AB8692202F93C00BB6ACF /* MyDeliveryTests.swift in Sources */ = {isa = PBXBuildFile; fileRef = 4D5AB8682202F93C00BB6ACF /* MyDeliveryTests.swift */; };
		4D5AB8752203184000BB6ACF /* Networking.swift in Sources */ = {isa = PBXBuildFile; fileRef = 4D5AB8742203184000BB6ACF /* Networking.swift */; };
		4D5AB8782203187500BB6ACF /* Logger.swift in Sources */ = {isa = PBXBuildFile; fileRef = 4D5AB8772203187500BB6ACF /* Logger.swift */; };
		4D5AB87A2203189B00BB6ACF /* Utils.swift in Sources */ = {isa = PBXBuildFile; fileRef = 4D5AB8792203189B00BB6ACF /* Utils.swift */; };
		4D5AB87C220318BA00BB6ACF /* Constants.swift in Sources */ = {isa = PBXBuildFile; fileRef = 4D5AB87B220318BA00BB6ACF /* Constants.swift */; };
		4D5AB87E2203193F00BB6ACF /* DeliveryNetworkController.swift in Sources */ = {isa = PBXBuildFile; fileRef = 4D5AB87D2203193F00BB6ACF /* DeliveryNetworkController.swift */; };
		4D5AB88122031AE800BB6ACF /* Package.swift in Sources */ = {isa = PBXBuildFile; fileRef = 4D5AB88022031AE800BB6ACF /* Package.swift */; };
		4D5AB88A22032CB900BB6ACF /* DeliveryTableView.swift in Sources */ = {isa = PBXBuildFile; fileRef = 4D5AB88922032CB900BB6ACF /* DeliveryTableView.swift */; };
		4D5AB88C22032CDC00BB6ACF /* DeliveryTableViewCell.swift in Sources */ = {isa = PBXBuildFile; fileRef = 4D5AB88B22032CDC00BB6ACF /* DeliveryTableViewCell.swift */; };
		4D5AB88E22032F2300BB6ACF /* RepresentingCell.swift in Sources */ = {isa = PBXBuildFile; fileRef = 4D5AB88D22032F2300BB6ACF /* RepresentingCell.swift */; };
		4D5AB8912203339800BB6ACF /* UIView+CALayer.swift in Sources */ = {isa = PBXBuildFile; fileRef = 4D5AB8902203339800BB6ACF /* UIView+CALayer.swift */; };
		4D5AB89322033CD800BB6ACF /* DeliveryDetailsViewController.swift in Sources */ = {isa = PBXBuildFile; fileRef = 4D5AB89222033CD800BB6ACF /* DeliveryDetailsViewController.swift */; };
		4D5AB8C1220C0E9800BB6ACF /* DeliveryAnnotation.swift in Sources */ = {isa = PBXBuildFile; fileRef = 4D5AB8C0220C0E9800BB6ACF /* DeliveryAnnotation.swift */; };
		4D5AB8C3220C2D0C00BB6ACF /* UIImageView+Cache.swift in Sources */ = {isa = PBXBuildFile; fileRef = 4D5AB8C2220C2D0C00BB6ACF /* UIImageView+Cache.swift */; };
		74C719F7214FFDFEF5EBC158 /* Pods_MyDelivery.framework in Frameworks */ = {isa = PBXBuildFile; fileRef = 20354A523CEF76EC4FD78DE4 /* Pods_MyDelivery.framework */; };
		E91A3B58928F8A358D0C3090 /* Pods_MyDeliveryTests.framework in Frameworks */ = {isa = PBXBuildFile; fileRef = 43AFBD4FCD89A62201646CE1 /* Pods_MyDeliveryTests.framework */; };
/* End PBXBuildFile section */

/* Begin PBXContainerItemProxy section */
		4D5AB8652202F93C00BB6ACF /* PBXContainerItemProxy */ = {
			isa = PBXContainerItemProxy;
			containerPortal = 4D5AB8482202F93900BB6ACF /* Project object */;
			proxyType = 1;
			remoteGlobalIDString = 4D5AB84F2202F93900BB6ACF;
			remoteInfo = MyDelivery;
		};
/* End PBXContainerItemProxy section */

/* Begin PBXFileReference section */
		20354A523CEF76EC4FD78DE4 /* Pods_MyDelivery.framework */ = {isa = PBXFileReference; explicitFileType = wrapper.framework; includeInIndex = 0; path = Pods_MyDelivery.framework; sourceTree = BUILT_PRODUCTS_DIR; };
		43AFBD4FCD89A62201646CE1 /* Pods_MyDeliveryTests.framework */ = {isa = PBXFileReference; explicitFileType = wrapper.framework; includeInIndex = 0; path = Pods_MyDeliveryTests.framework; sourceTree = BUILT_PRODUCTS_DIR; };
		48439B599E3345667803B696 /* Pods-MyDelivery.release.xcconfig */ = {isa = PBXFileReference; includeInIndex = 1; lastKnownFileType = text.xcconfig; name = "Pods-MyDelivery.release.xcconfig"; path = "Pods/Target Support Files/Pods-MyDelivery/Pods-MyDelivery.release.xcconfig"; sourceTree = "<group>"; };
		4BC46B6C63AF7AE7E93366D6 /* Pods-MyDeliveryTests.release.xcconfig */ = {isa = PBXFileReference; includeInIndex = 1; lastKnownFileType = text.xcconfig; name = "Pods-MyDeliveryTests.release.xcconfig"; path = "Pods/Target Support Files/Pods-MyDeliveryTests/Pods-MyDeliveryTests.release.xcconfig"; sourceTree = "<group>"; };
		4D5AB8502202F93900BB6ACF /* MyDelivery.app */ = {isa = PBXFileReference; explicitFileType = wrapper.application; includeInIndex = 0; path = MyDelivery.app; sourceTree = BUILT_PRODUCTS_DIR; };
		4D5AB8532202F93900BB6ACF /* AppDelegate.swift */ = {isa = PBXFileReference; lastKnownFileType = sourcecode.swift; path = AppDelegate.swift; sourceTree = "<group>"; };
		4D5AB8552202F93900BB6ACF /* DeliveryViewController.swift */ = {isa = PBXFileReference; lastKnownFileType = sourcecode.swift; path = DeliveryViewController.swift; sourceTree = "<group>"; };
		4D5AB8582202F93900BB6ACF /* Base */ = {isa = PBXFileReference; lastKnownFileType = file.storyboard; name = Base; path = Base.lproj/Main.storyboard; sourceTree = "<group>"; };
		4D5AB85A2202F93B00BB6ACF /* Assets.xcassets */ = {isa = PBXFileReference; lastKnownFileType = folder.assetcatalog; path = Assets.xcassets; sourceTree = "<group>"; };
		4D5AB85D2202F93B00BB6ACF /* Base */ = {isa = PBXFileReference; lastKnownFileType = file.storyboard; name = Base; path = Base.lproj/LaunchScreen.storyboard; sourceTree = "<group>"; };
		4D5AB85F2202F93B00BB6ACF /* Info.plist */ = {isa = PBXFileReference; lastKnownFileType = text.plist.xml; path = Info.plist; sourceTree = "<group>"; };
		4D5AB8642202F93C00BB6ACF /* MyDeliveryTests.xctest */ = {isa = PBXFileReference; explicitFileType = wrapper.cfbundle; includeInIndex = 0; path = MyDeliveryTests.xctest; sourceTree = BUILT_PRODUCTS_DIR; };
		4D5AB8682202F93C00BB6ACF /* MyDeliveryTests.swift */ = {isa = PBXFileReference; lastKnownFileType = sourcecode.swift; path = MyDeliveryTests.swift; sourceTree = "<group>"; };
		4D5AB86A2202F93C00BB6ACF /* Info.plist */ = {isa = PBXFileReference; lastKnownFileType = text.plist.xml; path = Info.plist; sourceTree = "<group>"; };
		4D5AB8742203184000BB6ACF /* Networking.swift */ = {isa = PBXFileReference; lastKnownFileType = sourcecode.swift; path = Networking.swift; sourceTree = "<group>"; };
		4D5AB8772203187500BB6ACF /* Logger.swift */ = {isa = PBXFileReference; lastKnownFileType = sourcecode.swift; path = Logger.swift; sourceTree = "<group>"; };
		4D5AB8792203189B00BB6ACF /* Utils.swift */ = {isa = PBXFileReference; lastKnownFileType = sourcecode.swift; path = Utils.swift; sourceTree = "<group>"; };
		4D5AB87B220318BA00BB6ACF /* Constants.swift */ = {isa = PBXFileReference; lastKnownFileType = sourcecode.swift; path = Constants.swift; sourceTree = "<group>"; };
		4D5AB87D2203193F00BB6ACF /* DeliveryNetworkController.swift */ = {isa = PBXFileReference; lastKnownFileType = sourcecode.swift; path = DeliveryNetworkController.swift; sourceTree = "<group>"; };
		4D5AB88022031AE800BB6ACF /* Package.swift */ = {isa = PBXFileReference; lastKnownFileType = sourcecode.swift; path = Package.swift; sourceTree = "<group>"; };
		4D5AB88922032CB900BB6ACF /* DeliveryTableView.swift */ = {isa = PBXFileReference; lastKnownFileType = sourcecode.swift; path = DeliveryTableView.swift; sourceTree = "<group>"; };
		4D5AB88B22032CDC00BB6ACF /* DeliveryTableViewCell.swift */ = {isa = PBXFileReference; lastKnownFileType = sourcecode.swift; path = DeliveryTableViewCell.swift; sourceTree = "<group>"; };
		4D5AB88D22032F2300BB6ACF /* RepresentingCell.swift */ = {isa = PBXFileReference; lastKnownFileType = sourcecode.swift; path = RepresentingCell.swift; sourceTree = "<group>"; };
		4D5AB8902203339800BB6ACF /* UIView+CALayer.swift */ = {isa = PBXFileReference; lastKnownFileType = sourcecode.swift; path = "UIView+CALayer.swift"; sourceTree = "<group>"; };
		4D5AB89222033CD800BB6ACF /* DeliveryDetailsViewController.swift */ = {isa = PBXFileReference; lastKnownFileType = sourcecode.swift; path = DeliveryDetailsViewController.swift; sourceTree = "<group>"; };
		4D5AB8C0220C0E9800BB6ACF /* DeliveryAnnotation.swift */ = {isa = PBXFileReference; lastKnownFileType = sourcecode.swift; path = DeliveryAnnotation.swift; sourceTree = "<group>"; };
		4D5AB8C2220C2D0C00BB6ACF /* UIImageView+Cache.swift */ = {isa = PBXFileReference; lastKnownFileType = sourcecode.swift; path = "UIImageView+Cache.swift"; sourceTree = "<group>"; };
		632C82822E053DFBBBCEF1D8 /* Pods-MyDeliveryTests.debug.xcconfig */ = {isa = PBXFileReference; includeInIndex = 1; lastKnownFileType = text.xcconfig; name = "Pods-MyDeliveryTests.debug.xcconfig"; path = "Pods/Target Support Files/Pods-MyDeliveryTests/Pods-MyDeliveryTests.debug.xcconfig"; sourceTree = "<group>"; };
		B1386DE0935A08650DC78498 /* Pods-MyDelivery.debug.xcconfig */ = {isa = PBXFileReference; includeInIndex = 1; lastKnownFileType = text.xcconfig; name = "Pods-MyDelivery.debug.xcconfig"; path = "Pods/Target Support Files/Pods-MyDelivery/Pods-MyDelivery.debug.xcconfig"; sourceTree = "<group>"; };
/* End PBXFileReference section */

/* Begin PBXFrameworksBuildPhase section */
		4D5AB84D2202F93900BB6ACF /* Frameworks */ = {
			isa = PBXFrameworksBuildPhase;
			buildActionMask = 2147483647;
			files = (
				74C719F7214FFDFEF5EBC158 /* Pods_MyDelivery.framework in Frameworks */,
			);
			runOnlyForDeploymentPostprocessing = 0;
		};
		4D5AB8612202F93C00BB6ACF /* Frameworks */ = {
			isa = PBXFrameworksBuildPhase;
			buildActionMask = 2147483647;
			files = (
				E91A3B58928F8A358D0C3090 /* Pods_MyDeliveryTests.framework in Frameworks */,
			);
			runOnlyForDeploymentPostprocessing = 0;
		};
/* End PBXFrameworksBuildPhase section */

/* Begin PBXGroup section */
		2DF3155E80F80F4495C69B13 /* Pods */ = {
			isa = PBXGroup;
			children = (
				B1386DE0935A08650DC78498 /* Pods-MyDelivery.debug.xcconfig */,
				48439B599E3345667803B696 /* Pods-MyDelivery.release.xcconfig */,
				632C82822E053DFBBBCEF1D8 /* Pods-MyDeliveryTests.debug.xcconfig */,
				4BC46B6C63AF7AE7E93366D6 /* Pods-MyDeliveryTests.release.xcconfig */,
			);
			name = Pods;
			sourceTree = "<group>";
		};
		4D5AB8472202F93900BB6ACF = {
			isa = PBXGroup;
			children = (
				4D5AB8522202F93900BB6ACF /* MyDelivery */,
				4D5AB8672202F93C00BB6ACF /* MyDeliveryTests */,
				4D5AB8512202F93900BB6ACF /* Products */,
				2DF3155E80F80F4495C69B13 /* Pods */,
				54AADD86EDFE66FEA2C7CD58 /* Frameworks */,
			);
			sourceTree = "<group>";
		};
		4D5AB8512202F93900BB6ACF /* Products */ = {
			isa = PBXGroup;
			children = (
				4D5AB8502202F93900BB6ACF /* MyDelivery.app */,
				4D5AB8642202F93C00BB6ACF /* MyDeliveryTests.xctest */,
			);
			name = Products;
			sourceTree = "<group>";
		};
		4D5AB8522202F93900BB6ACF /* MyDelivery */ = {
			isa = PBXGroup;
			children = (
				4D5AB8762203186400BB6ACF /* Utility */,
				4D5AB8732203180900BB6ACF /* Networking */,
				4D5AB88F2203337100BB6ACF /* Extensions */,
				4D5AB882220323E300BB6ACF /* App */,
				4D5AB88622032C4400BB6ACF /* Views */,
				4D5AB87F22031A5D00BB6ACF /* Models */,
				4D5AB8832203240700BB6ACF /* ViewControllers */,
				4D5AB8842203249E00BB6ACF /* Storyboards */,
				4D5AB885220324CE00BB6ACF /* Resources */,
			);
			path = MyDelivery;
			sourceTree = "<group>";
		};
		4D5AB8672202F93C00BB6ACF /* MyDeliveryTests */ = {
			isa = PBXGroup;
			children = (
				4D5AB8682202F93C00BB6ACF /* MyDeliveryTests.swift */,
				4D5AB86A2202F93C00BB6ACF /* Info.plist */,
			);
			path = MyDeliveryTests;
			sourceTree = "<group>";
		};
		4D5AB8732203180900BB6ACF /* Networking */ = {
			isa = PBXGroup;
			children = (
				4D5AB8742203184000BB6ACF /* Networking.swift */,
				4D5AB87D2203193F00BB6ACF /* DeliveryNetworkController.swift */,
			);
			path = Networking;
			sourceTree = "<group>";
		};
		4D5AB8762203186400BB6ACF /* Utility */ = {
			isa = PBXGroup;
			children = (
				4D5AB8792203189B00BB6ACF /* Utils.swift */,
				4D5AB8772203187500BB6ACF /* Logger.swift */,
				4D5AB87B220318BA00BB6ACF /* Constants.swift */,
			);
			path = Utility;
			sourceTree = "<group>";
		};
		4D5AB87F22031A5D00BB6ACF /* Models */ = {
			isa = PBXGroup;
			children = (
				4D5AB8C0220C0E9800BB6ACF /* DeliveryAnnotation.swift */,
				4D5AB88D22032F2300BB6ACF /* RepresentingCell.swift */,
				4D5AB88022031AE800BB6ACF /* Package.swift */,
			);
			path = Models;
			sourceTree = "<group>";
		};
		4D5AB882220323E300BB6ACF /* App */ = {
			isa = PBXGroup;
			children = (
				4D5AB8532202F93900BB6ACF /* AppDelegate.swift */,
			);
			path = App;
			sourceTree = "<group>";
		};
		4D5AB8832203240700BB6ACF /* ViewControllers */ = {
			isa = PBXGroup;
			children = (
				4D5AB8552202F93900BB6ACF /* DeliveryViewController.swift */,
				4D5AB89222033CD800BB6ACF /* DeliveryDetailsViewController.swift */,
			);
			path = ViewControllers;
			sourceTree = "<group>";
		};
		4D5AB8842203249E00BB6ACF /* Storyboards */ = {
			isa = PBXGroup;
			children = (
				4D5AB8572202F93900BB6ACF /* Main.storyboard */,
				4D5AB85C2202F93B00BB6ACF /* LaunchScreen.storyboard */,
			);
			path = Storyboards;
			sourceTree = "<group>";
		};
		4D5AB885220324CE00BB6ACF /* Resources */ = {
			isa = PBXGroup;
			children = (
				4D5AB85A2202F93B00BB6ACF /* Assets.xcassets */,
				4D5AB85F2202F93B00BB6ACF /* Info.plist */,
			);
			path = Resources;
			sourceTree = "<group>";
		};
		4D5AB88622032C4400BB6ACF /* Views */ = {
			isa = PBXGroup;
			children = (
				4D5AB88722032C5300BB6ACF /* TableViews */,
				4D5AB88822032C6100BB6ACF /* TableViewCells */,
			);
			path = Views;
			sourceTree = "<group>";
		};
		4D5AB88722032C5300BB6ACF /* TableViews */ = {
			isa = PBXGroup;
			children = (
				4D5AB88922032CB900BB6ACF /* DeliveryTableView.swift */,
			);
			path = TableViews;
			sourceTree = "<group>";
		};
		4D5AB88822032C6100BB6ACF /* TableViewCells */ = {
			isa = PBXGroup;
			children = (
				4D5AB88B22032CDC00BB6ACF /* DeliveryTableViewCell.swift */,
			);
			path = TableViewCells;
			sourceTree = "<group>";
		};
		4D5AB88F2203337100BB6ACF /* Extensions */ = {
			isa = PBXGroup;
			children = (
				4D5AB8902203339800BB6ACF /* UIView+CALayer.swift */,
				4D5AB8C2220C2D0C00BB6ACF /* UIImageView+Cache.swift */,
			);
			path = Extensions;
			sourceTree = "<group>";
		};
		54AADD86EDFE66FEA2C7CD58 /* Frameworks */ = {
			isa = PBXGroup;
			children = (
				20354A523CEF76EC4FD78DE4 /* Pods_MyDelivery.framework */,
				43AFBD4FCD89A62201646CE1 /* Pods_MyDeliveryTests.framework */,
			);
			name = Frameworks;
			sourceTree = "<group>";
		};
/* End PBXGroup section */

/* Begin PBXNativeTarget section */
		4D5AB84F2202F93900BB6ACF /* MyDelivery */ = {
			isa = PBXNativeTarget;
			buildConfigurationList = 4D5AB86D2202F93C00BB6ACF /* Build configuration list for PBXNativeTarget "MyDelivery" */;
			buildPhases = (
				8ABF31849618AD0A9483A07D /* [CP] Check Pods Manifest.lock */,
				4D5AB84C2202F93900BB6ACF /* Sources */,
				4D5AB84D2202F93900BB6ACF /* Frameworks */,
				4D5AB84E2202F93900BB6ACF /* Resources */,
				225B47F0D6DE9A7840B2FA38 /* [CP] Embed Pods Frameworks */,
			);
			buildRules = (
			);
			dependencies = (
			);
			name = MyDelivery;
			productName = MyDelivery;
			productReference = 4D5AB8502202F93900BB6ACF /* MyDelivery.app */;
			productType = "com.apple.product-type.application";
		};
		4D5AB8632202F93C00BB6ACF /* MyDeliveryTests */ = {
			isa = PBXNativeTarget;
			buildConfigurationList = 4D5AB8702202F93C00BB6ACF /* Build configuration list for PBXNativeTarget "MyDeliveryTests" */;
			buildPhases = (
				9106A4E522FCB8E517A033DF /* [CP] Check Pods Manifest.lock */,
				4D5AB8602202F93C00BB6ACF /* Sources */,
				4D5AB8612202F93C00BB6ACF /* Frameworks */,
				4D5AB8622202F93C00BB6ACF /* Resources */,
			);
			buildRules = (
			);
			dependencies = (
				4D5AB8662202F93C00BB6ACF /* PBXTargetDependency */,
			);
			name = MyDeliveryTests;
			productName = MyDeliveryTests;
			productReference = 4D5AB8642202F93C00BB6ACF /* MyDeliveryTests.xctest */;
			productType = "com.apple.product-type.bundle.unit-test";
		};
/* End PBXNativeTarget section */

/* Begin PBXProject section */
		4D5AB8482202F93900BB6ACF /* Project object */ = {
			isa = PBXProject;
			attributes = {
				LastSwiftUpdateCheck = 1010;
				LastUpgradeCheck = 1010;
				ORGANIZATIONNAME = Conduent;
				TargetAttributes = {
					4D5AB84F2202F93900BB6ACF = {
						CreatedOnToolsVersion = 10.1;
					};
					4D5AB8632202F93C00BB6ACF = {
						CreatedOnToolsVersion = 10.1;
						TestTargetID = 4D5AB84F2202F93900BB6ACF;
					};
				};
			};
			buildConfigurationList = 4D5AB84B2202F93900BB6ACF /* Build configuration list for PBXProject "MyDelivery" */;
			compatibilityVersion = "Xcode 9.3";
			developmentRegion = en;
			hasScannedForEncodings = 0;
			knownRegions = (
				en,
				Base,
			);
			mainGroup = 4D5AB8472202F93900BB6ACF;
			productRefGroup = 4D5AB8512202F93900BB6ACF /* Products */;
			projectDirPath = "";
			projectRoot = "";
			targets = (
				4D5AB84F2202F93900BB6ACF /* MyDelivery */,
				4D5AB8632202F93C00BB6ACF /* MyDeliveryTests */,
			);
		};
/* End PBXProject section */

/* Begin PBXResourcesBuildPhase section */
		4D5AB84E2202F93900BB6ACF /* Resources */ = {
			isa = PBXResourcesBuildPhase;
			buildActionMask = 2147483647;
			files = (
				4D5AB85E2202F93B00BB6ACF /* LaunchScreen.storyboard in Resources */,
				4D5AB85B2202F93B00BB6ACF /* Assets.xcassets in Resources */,
				4D5AB8592202F93900BB6ACF /* Main.storyboard in Resources */,
			);
			runOnlyForDeploymentPostprocessing = 0;
		};
		4D5AB8622202F93C00BB6ACF /* Resources */ = {
			isa = PBXResourcesBuildPhase;
			buildActionMask = 2147483647;
			files = (
			);
			runOnlyForDeploymentPostprocessing = 0;
		};
/* End PBXResourcesBuildPhase section */

/* Begin PBXShellScriptBuildPhase section */
		225B47F0D6DE9A7840B2FA38 /* [CP] Embed Pods Frameworks */ = {
			isa = PBXShellScriptBuildPhase;
			buildActionMask = 2147483647;
			files = (
			);
			inputPaths = (
				"${SRCROOT}/Pods/Target Support Files/Pods-MyDelivery/Pods-MyDelivery-frameworks.sh",
				"${BUILT_PRODUCTS_DIR}/SVProgressHUD/SVProgressHUD.framework",
			);
			name = "[CP] Embed Pods Frameworks";
			outputPaths = (
				"${TARGET_BUILD_DIR}/${FRAMEWORKS_FOLDER_PATH}/SVProgressHUD.framework",
			);
			runOnlyForDeploymentPostprocessing = 0;
			shellPath = /bin/sh;
			shellScript = "\"${SRCROOT}/Pods/Target Support Files/Pods-MyDelivery/Pods-MyDelivery-frameworks.sh\"\n";
			showEnvVarsInLog = 0;
		};
		8ABF31849618AD0A9483A07D /* [CP] Check Pods Manifest.lock */ = {
			isa = PBXShellScriptBuildPhase;
			buildActionMask = 2147483647;
			files = (
			);
			inputPaths = (
				"${PODS_PODFILE_DIR_PATH}/Podfile.lock",
				"${PODS_ROOT}/Manifest.lock",
			);
			name = "[CP] Check Pods Manifest.lock";
			outputPaths = (
				"$(DERIVED_FILE_DIR)/Pods-MyDelivery-checkManifestLockResult.txt",
			);
			runOnlyForDeploymentPostprocessing = 0;
			shellPath = /bin/sh;
			shellScript = "diff \"${PODS_PODFILE_DIR_PATH}/Podfile.lock\" \"${PODS_ROOT}/Manifest.lock\" > /dev/null\nif [ $? != 0 ] ; then\n    # print error to STDERR\n    echo \"error: The sandbox is not in sync with the Podfile.lock. Run 'pod install' or update your CocoaPods installation.\" >&2\n    exit 1\nfi\n# This output is used by Xcode 'outputs' to avoid re-running this script phase.\necho \"SUCCESS\" > \"${SCRIPT_OUTPUT_FILE_0}\"\n";
			showEnvVarsInLog = 0;
		};
		9106A4E522FCB8E517A033DF /* [CP] Check Pods Manifest.lock */ = {
			isa = PBXShellScriptBuildPhase;
			buildActionMask = 2147483647;
			files = (
			);
			inputPaths = (
				"${PODS_PODFILE_DIR_PATH}/Podfile.lock",
				"${PODS_ROOT}/Manifest.lock",
			);
			name = "[CP] Check Pods Manifest.lock";
			outputPaths = (
				"$(DERIVED_FILE_DIR)/Pods-MyDeliveryTests-checkManifestLockResult.txt",
			);
			runOnlyForDeploymentPostprocessing = 0;
			shellPath = /bin/sh;
			shellScript = "diff \"${PODS_PODFILE_DIR_PATH}/Podfile.lock\" \"${PODS_ROOT}/Manifest.lock\" > /dev/null\nif [ $? != 0 ] ; then\n    # print error to STDERR\n    echo \"error: The sandbox is not in sync with the Podfile.lock. Run 'pod install' or update your CocoaPods installation.\" >&2\n    exit 1\nfi\n# This output is used by Xcode 'outputs' to avoid re-running this script phase.\necho \"SUCCESS\" > \"${SCRIPT_OUTPUT_FILE_0}\"\n";
			showEnvVarsInLog = 0;
		};
/* End PBXShellScriptBuildPhase section */

/* Begin PBXSourcesBuildPhase section */
		4D5AB84C2202F93900BB6ACF /* Sources */ = {
			isa = PBXSourcesBuildPhase;
			buildActionMask = 2147483647;
			files = (
				4D5AB8912203339800BB6ACF /* UIView+CALayer.swift in Sources */,
				4D5AB88A22032CB900BB6ACF /* DeliveryTableView.swift in Sources */,
				4D5AB89322033CD800BB6ACF /* DeliveryDetailsViewController.swift in Sources */,
				4D5AB87A2203189B00BB6ACF /* Utils.swift in Sources */,
				4D5AB8752203184000BB6ACF /* Networking.swift in Sources */,
				4D5AB8562202F93900BB6ACF /* DeliveryViewController.swift in Sources */,
				4D5AB8C1220C0E9800BB6ACF /* DeliveryAnnotation.swift in Sources */,
				4D5AB8542202F93900BB6ACF /* AppDelegate.swift in Sources */,
				4D5AB88E22032F2300BB6ACF /* RepresentingCell.swift in Sources */,
				4D5AB88C22032CDC00BB6ACF /* DeliveryTableViewCell.swift in Sources */,
				4D5AB88122031AE800BB6ACF /* Package.swift in Sources */,
				4D5AB8782203187500BB6ACF /* Logger.swift in Sources */,
				4D5AB87E2203193F00BB6ACF /* DeliveryNetworkController.swift in Sources */,
				4D5AB87C220318BA00BB6ACF /* Constants.swift in Sources */,
				4D5AB8C3220C2D0C00BB6ACF /* UIImageView+Cache.swift in Sources */,
			);
			runOnlyForDeploymentPostprocessing = 0;
		};
		4D5AB8602202F93C00BB6ACF /* Sources */ = {
			isa = PBXSourcesBuildPhase;
			buildActionMask = 2147483647;
			files = (
				4D5AB8692202F93C00BB6ACF /* MyDeliveryTests.swift in Sources */,
			);
			runOnlyForDeploymentPostprocessing = 0;
		};
/* End PBXSourcesBuildPhase section */

/* Begin PBXTargetDependency section */
		4D5AB8662202F93C00BB6ACF /* PBXTargetDependency */ = {
			isa = PBXTargetDependency;
			target = 4D5AB84F2202F93900BB6ACF /* MyDelivery */;
			targetProxy = 4D5AB8652202F93C00BB6ACF /* PBXContainerItemProxy */;
		};
/* End PBXTargetDependency section */

/* Begin PBXVariantGroup section */
		4D5AB8572202F93900BB6ACF /* Main.storyboard */ = {
			isa = PBXVariantGroup;
			children = (
				4D5AB8582202F93900BB6ACF /* Base */,
			);
			name = Main.storyboard;
			sourceTree = "<group>";
		};
		4D5AB85C2202F93B00BB6ACF /* LaunchScreen.storyboard */ = {
			isa = PBXVariantGroup;
			children = (
				4D5AB85D2202F93B00BB6ACF /* Base */,
			);
			name = LaunchScreen.storyboard;
			sourceTree = "<group>";
		};
/* End PBXVariantGroup section */

/* Begin XCBuildConfiguration section */
		4D5AB86B2202F93C00BB6ACF /* Debug */ = {
			isa = XCBuildConfiguration;
			buildSettings = {
				ALWAYS_SEARCH_USER_PATHS = NO;
				CLANG_ANALYZER_NONNULL = YES;
				CLANG_ANALYZER_NUMBER_OBJECT_CONVERSION = YES_AGGRESSIVE;
				CLANG_CXX_LANGUAGE_STANDARD = "gnu++14";
				CLANG_CXX_LIBRARY = "libc++";
				CLANG_ENABLE_MODULES = YES;
				CLANG_ENABLE_OBJC_ARC = YES;
				CLANG_ENABLE_OBJC_WEAK = YES;
				CLANG_WARN_BLOCK_CAPTURE_AUTORELEASING = YES;
				CLANG_WARN_BOOL_CONVERSION = YES;
				CLANG_WARN_COMMA = YES;
				CLANG_WARN_CONSTANT_CONVERSION = YES;
				CLANG_WARN_DEPRECATED_OBJC_IMPLEMENTATIONS = YES;
				CLANG_WARN_DIRECT_OBJC_ISA_USAGE = YES_ERROR;
				CLANG_WARN_DOCUMENTATION_COMMENTS = YES;
				CLANG_WARN_EMPTY_BODY = YES;
				CLANG_WARN_ENUM_CONVERSION = YES;
				CLANG_WARN_INFINITE_RECURSION = YES;
				CLANG_WARN_INT_CONVERSION = YES;
				CLANG_WARN_NON_LITERAL_NULL_CONVERSION = YES;
				CLANG_WARN_OBJC_IMPLICIT_RETAIN_SELF = YES;
				CLANG_WARN_OBJC_LITERAL_CONVERSION = YES;
				CLANG_WARN_OBJC_ROOT_CLASS = YES_ERROR;
				CLANG_WARN_RANGE_LOOP_ANALYSIS = YES;
				CLANG_WARN_STRICT_PROTOTYPES = YES;
				CLANG_WARN_SUSPICIOUS_MOVE = YES;
				CLANG_WARN_UNGUARDED_AVAILABILITY = YES_AGGRESSIVE;
				CLANG_WARN_UNREACHABLE_CODE = YES;
				CLANG_WARN__DUPLICATE_METHOD_MATCH = YES;
				CODE_SIGN_IDENTITY = "iPhone Developer";
				COPY_PHASE_STRIP = NO;
				DEBUG_INFORMATION_FORMAT = dwarf;
				ENABLE_STRICT_OBJC_MSGSEND = YES;
				ENABLE_TESTABILITY = YES;
				GCC_C_LANGUAGE_STANDARD = gnu11;
				GCC_DYNAMIC_NO_PIC = NO;
				GCC_NO_COMMON_BLOCKS = YES;
				GCC_OPTIMIZATION_LEVEL = 0;
				GCC_PREPROCESSOR_DEFINITIONS = (
					"DEBUG=1",
					"$(inherited)",
				);
				GCC_WARN_64_TO_32_BIT_CONVERSION = YES;
				GCC_WARN_ABOUT_RETURN_TYPE = YES_ERROR;
				GCC_WARN_UNDECLARED_SELECTOR = YES;
				GCC_WARN_UNINITIALIZED_AUTOS = YES_AGGRESSIVE;
				GCC_WARN_UNUSED_FUNCTION = YES;
				GCC_WARN_UNUSED_VARIABLE = YES;
				IPHONEOS_DEPLOYMENT_TARGET = 12.1;
				MTL_ENABLE_DEBUG_INFO = INCLUDE_SOURCE;
				MTL_FAST_MATH = YES;
				ONLY_ACTIVE_ARCH = YES;
				SDKROOT = iphoneos;
				SWIFT_ACTIVE_COMPILATION_CONDITIONS = DEBUG;
				SWIFT_OPTIMIZATION_LEVEL = "-Onone";
			};
			name = Debug;
		};
		4D5AB86C2202F93C00BB6ACF /* Release */ = {
			isa = XCBuildConfiguration;
			buildSettings = {
				ALWAYS_SEARCH_USER_PATHS = NO;
				CLANG_ANALYZER_NONNULL = YES;
				CLANG_ANALYZER_NUMBER_OBJECT_CONVERSION = YES_AGGRESSIVE;
				CLANG_CXX_LANGUAGE_STANDARD = "gnu++14";
				CLANG_CXX_LIBRARY = "libc++";
				CLANG_ENABLE_MODULES = YES;
				CLANG_ENABLE_OBJC_ARC = YES;
				CLANG_ENABLE_OBJC_WEAK = YES;
				CLANG_WARN_BLOCK_CAPTURE_AUTORELEASING = YES;
				CLANG_WARN_BOOL_CONVERSION = YES;
				CLANG_WARN_COMMA = YES;
				CLANG_WARN_CONSTANT_CONVERSION = YES;
				CLANG_WARN_DEPRECATED_OBJC_IMPLEMENTATIONS = YES;
				CLANG_WARN_DIRECT_OBJC_ISA_USAGE = YES_ERROR;
				CLANG_WARN_DOCUMENTATION_COMMENTS = YES;
				CLANG_WARN_EMPTY_BODY = YES;
				CLANG_WARN_ENUM_CONVERSION = YES;
				CLANG_WARN_INFINITE_RECURSION = YES;
				CLANG_WARN_INT_CONVERSION = YES;
				CLANG_WARN_NON_LITERAL_NULL_CONVERSION = YES;
				CLANG_WARN_OBJC_IMPLICIT_RETAIN_SELF = YES;
				CLANG_WARN_OBJC_LITERAL_CONVERSION = YES;
				CLANG_WARN_OBJC_ROOT_CLASS = YES_ERROR;
				CLANG_WARN_RANGE_LOOP_ANALYSIS = YES;
				CLANG_WARN_STRICT_PROTOTYPES = YES;
				CLANG_WARN_SUSPICIOUS_MOVE = YES;
				CLANG_WARN_UNGUARDED_AVAILABILITY = YES_AGGRESSIVE;
				CLANG_WARN_UNREACHABLE_CODE = YES;
				CLANG_WARN__DUPLICATE_METHOD_MATCH = YES;
				CODE_SIGN_IDENTITY = "iPhone Developer";
				COPY_PHASE_STRIP = NO;
				DEBUG_INFORMATION_FORMAT = "dwarf-with-dsym";
				ENABLE_NS_ASSERTIONS = NO;
				ENABLE_STRICT_OBJC_MSGSEND = YES;
				GCC_C_LANGUAGE_STANDARD = gnu11;
				GCC_NO_COMMON_BLOCKS = YES;
				GCC_WARN_64_TO_32_BIT_CONVERSION = YES;
				GCC_WARN_ABOUT_RETURN_TYPE = YES_ERROR;
				GCC_WARN_UNDECLARED_SELECTOR = YES;
				GCC_WARN_UNINITIALIZED_AUTOS = YES_AGGRESSIVE;
				GCC_WARN_UNUSED_FUNCTION = YES;
				GCC_WARN_UNUSED_VARIABLE = YES;
				IPHONEOS_DEPLOYMENT_TARGET = 12.1;
				MTL_ENABLE_DEBUG_INFO = NO;
				MTL_FAST_MATH = YES;
				SDKROOT = iphoneos;
				SWIFT_COMPILATION_MODE = wholemodule;
				SWIFT_OPTIMIZATION_LEVEL = "-O";
				VALIDATE_PRODUCT = YES;
			};
			name = Release;
		};
		4D5AB86E2202F93C00BB6ACF /* Debug */ = {
			isa = XCBuildConfiguration;
			baseConfigurationReference = B1386DE0935A08650DC78498 /* Pods-MyDelivery.debug.xcconfig */;
			buildSettings = {
				ASSETCATALOG_COMPILER_APPICON_NAME = AppIcon;
				CODE_SIGN_STYLE = Automatic;
				DEVELOPMENT_TEAM = 6L3T8BHYTU;
				INFOPLIST_FILE = MyDelivery/Resources/Info.plist;
				LD_RUNPATH_SEARCH_PATHS = (
					"$(inherited)",
					"@executable_path/Frameworks",
				);
				PRODUCT_BUNDLE_IDENTIFIER = com.conduent.MyDelivery;
				PRODUCT_NAME = "$(TARGET_NAME)";
				SWIFT_VERSION = 4.2;
				TARGETED_DEVICE_FAMILY = "1,2";
			};
			name = Debug;
		};
		4D5AB86F2202F93C00BB6ACF /* Release */ = {
			isa = XCBuildConfiguration;
			baseConfigurationReference = 48439B599E3345667803B696 /* Pods-MyDelivery.release.xcconfig */;
			buildSettings = {
				ASSETCATALOG_COMPILER_APPICON_NAME = AppIcon;
				CODE_SIGN_STYLE = Automatic;
				DEVELOPMENT_TEAM = 6L3T8BHYTU;
				INFOPLIST_FILE = MyDelivery/Resources/Info.plist;
				LD_RUNPATH_SEARCH_PATHS = (
					"$(inherited)",
					"@executable_path/Frameworks",
				);
				PRODUCT_BUNDLE_IDENTIFIER = com.conduent.MyDelivery;
				PRODUCT_NAME = "$(TARGET_NAME)";
				SWIFT_VERSION = 4.2;
				TARGETED_DEVICE_FAMILY = "1,2";
			};
			name = Release;
		};
		4D5AB8712202F93C00BB6ACF /* Debug */ = {
			isa = XCBuildConfiguration;
			baseConfigurationReference = 632C82822E053DFBBBCEF1D8 /* Pods-MyDeliveryTests.debug.xcconfig */;
			buildSettings = {
				ALWAYS_EMBED_SWIFT_STANDARD_LIBRARIES = YES;
				BUNDLE_LOADER = "$(TEST_HOST)";
				CODE_SIGN_STYLE = Automatic;
				DEVELOPMENT_TEAM = 6L3T8BHYTU;
				INFOPLIST_FILE = MyDeliveryTests/Info.plist;
				LD_RUNPATH_SEARCH_PATHS = (
					"$(inherited)",
					"@executable_path/Frameworks",
					"@loader_path/Frameworks",
				);
				PRODUCT_BUNDLE_IDENTIFIER = com.conduent.MyDeliveryTests;
				PRODUCT_NAME = "$(TARGET_NAME)";
				SWIFT_VERSION = 4.2;
				TARGETED_DEVICE_FAMILY = "1,2";
				TEST_HOST = "$(BUILT_PRODUCTS_DIR)/MyDelivery.app/MyDelivery";
			};
			name = Debug;
		};
		4D5AB8722202F93C00BB6ACF /* Release */ = {
			isa = XCBuildConfiguration;
			baseConfigurationReference = 4BC46B6C63AF7AE7E93366D6 /* Pods-MyDeliveryTests.release.xcconfig */;
			buildSettings = {
				ALWAYS_EMBED_SWIFT_STANDARD_LIBRARIES = YES;
				BUNDLE_LOADER = "$(TEST_HOST)";
				CODE_SIGN_STYLE = Automatic;
				DEVELOPMENT_TEAM = 6L3T8BHYTU;
				INFOPLIST_FILE = MyDeliveryTests/Info.plist;
				LD_RUNPATH_SEARCH_PATHS = (
					"$(inherited)",
					"@executable_path/Frameworks",
					"@loader_path/Frameworks",
				);
				PRODUCT_BUNDLE_IDENTIFIER = com.conduent.MyDeliveryTests;
				PRODUCT_NAME = "$(TARGET_NAME)";
				SWIFT_VERSION = 4.2;
				TARGETED_DEVICE_FAMILY = "1,2";
				TEST_HOST = "$(BUILT_PRODUCTS_DIR)/MyDelivery.app/MyDelivery";
			};
			name = Release;
		};
/* End XCBuildConfiguration section */

/* Begin XCConfigurationList section */
		4D5AB84B2202F93900BB6ACF /* Build configuration list for PBXProject "MyDelivery" */ = {
			isa = XCConfigurationList;
			buildConfigurations = (
				4D5AB86B2202F93C00BB6ACF /* Debug */,
				4D5AB86C2202F93C00BB6ACF /* Release */,
			);
			defaultConfigurationIsVisible = 0;
			defaultConfigurationName = Release;
		};
		4D5AB86D2202F93C00BB6ACF /* Build configuration list for PBXNativeTarget "MyDelivery" */ = {
			isa = XCConfigurationList;
			buildConfigurations = (
				4D5AB86E2202F93C00BB6ACF /* Debug */,
				4D5AB86F2202F93C00BB6ACF /* Release */,
			);
			defaultConfigurationIsVisible = 0;
			defaultConfigurationName = Release;
		};
		4D5AB8702202F93C00BB6ACF /* Build configuration list for PBXNativeTarget "MyDeliveryTests" */ = {
			isa = XCConfigurationList;
			buildConfigurations = (
				4D5AB8712202F93C00BB6ACF /* Debug */,
				4D5AB8722202F93C00BB6ACF /* Release */,
			);
			defaultConfigurationIsVisible = 0;
			defaultConfigurationName = Release;
		};
/* End XCConfigurationList section */
	};
	rootObject = 4D5AB8482202F93900BB6ACF /* Project object */;
}
